
Microsoft Visual Studio Solution File, Format Version 12.00
# Visual Studio Version 16
VisualStudioVersion = 16.0.31613.86
MinimumVisualStudioVersion = 10.0.40219.1
Project("{9A19103F-16F7-4668-BE54-9A1E7A4F7556}") = "Energinet.DataHub.Aggregations.IntegrationEventListener", "source\Energinet.DataHub.Aggregations.IntegrationEventListener\Energinet.DataHub.Aggregations.IntegrationEventListener.csproj", "{6562C822-2FEF-4775-8D06-3E49F01E2502}"
EndProject
Project("{9A19103F-16F7-4668-BE54-9A1E7A4F7556}") = "Energinet.DataHub.Aggregations.Infrastructure", "source\Energinet.DataHub.Aggregations.Infrastructure\Energinet.DataHub.Aggregations.Infrastructure.csproj", "{F1DB4EC7-6575-4E20-8701-C34858BAAEA5}"
EndProject
Project("{9A19103F-16F7-4668-BE54-9A1E7A4F7556}") = "Energinet.DataHub.Aggregations.Application", "source\Energinet.DataHub.Aggregations.Application\Energinet.DataHub.Aggregations.Application.csproj", "{8A79A9FF-6937-4819-880C-71535C6B3F81}"
EndProject
Project("{9A19103F-16F7-4668-BE54-9A1E7A4F7556}") = "Energinet.DataHub.Aggregations.Domain", "source\Energinet.DataHub.Aggregations.Domain\Energinet.DataHub.Aggregations.Domain.csproj", "{57E5D67B-1C17-4C24-A01D-7E207FAD3BCE}"
EndProject
Project("{9A19103F-16F7-4668-BE54-9A1E7A4F7556}") = "Energinet.DataHub.Aggregations.Tests", "Energinet.DataHub.Aggregations.Tests\Energinet.DataHub.Aggregations.Tests.csproj", "{84AC0498-293D-4735-B6DC-0507D30FC19D}"
EndProject
Project("{FAE04EC0-301F-11D3-BF4B-00C04F79EFBC}") = "IntegrationEventListener.IntegrationTests", "source\IntegrationEventListener.IntegrationTests\IntegrationEventListener.IntegrationTests.csproj", "{6DC527EF-3EF2-49AE-A341-E034272A0D29}"
EndProject
Global
	GlobalSection(SolutionConfigurationPlatforms) = preSolution
		Debug|Any CPU = Debug|Any CPU
		Release|Any CPU = Release|Any CPU
	EndGlobalSection
	GlobalSection(ProjectConfigurationPlatforms) = postSolution
		{6562C822-2FEF-4775-8D06-3E49F01E2502}.Debug|Any CPU.ActiveCfg = Debug|Any CPU
		{6562C822-2FEF-4775-8D06-3E49F01E2502}.Debug|Any CPU.Build.0 = Debug|Any CPU
		{6562C822-2FEF-4775-8D06-3E49F01E2502}.Release|Any CPU.ActiveCfg = Release|Any CPU
		{6562C822-2FEF-4775-8D06-3E49F01E2502}.Release|Any CPU.Build.0 = Release|Any CPU
		{F1DB4EC7-6575-4E20-8701-C34858BAAEA5}.Debug|Any CPU.ActiveCfg = Debug|Any CPU
		{F1DB4EC7-6575-4E20-8701-C34858BAAEA5}.Debug|Any CPU.Build.0 = Debug|Any CPU
		{F1DB4EC7-6575-4E20-8701-C34858BAAEA5}.Release|Any CPU.ActiveCfg = Release|Any CPU
		{F1DB4EC7-6575-4E20-8701-C34858BAAEA5}.Release|Any CPU.Build.0 = Release|Any CPU
		{8A79A9FF-6937-4819-880C-71535C6B3F81}.Debug|Any CPU.ActiveCfg = Debug|Any CPU
		{8A79A9FF-6937-4819-880C-71535C6B3F81}.Debug|Any CPU.Build.0 = Debug|Any CPU
		{8A79A9FF-6937-4819-880C-71535C6B3F81}.Release|Any CPU.ActiveCfg = Release|Any CPU
		{8A79A9FF-6937-4819-880C-71535C6B3F81}.Release|Any CPU.Build.0 = Release|Any CPU
		{57E5D67B-1C17-4C24-A01D-7E207FAD3BCE}.Debug|Any CPU.ActiveCfg = Debug|Any CPU
		{57E5D67B-1C17-4C24-A01D-7E207FAD3BCE}.Debug|Any CPU.Build.0 = Debug|Any CPU
		{57E5D67B-1C17-4C24-A01D-7E207FAD3BCE}.Release|Any CPU.ActiveCfg = Release|Any CPU
		{57E5D67B-1C17-4C24-A01D-7E207FAD3BCE}.Release|Any CPU.Build.0 = Release|Any CPU
		{84AC0498-293D-4735-B6DC-0507D30FC19D}.Debug|Any CPU.ActiveCfg = Debug|Any CPU
		{84AC0498-293D-4735-B6DC-0507D30FC19D}.Debug|Any CPU.Build.0 = Debug|Any CPU
		{84AC0498-293D-4735-B6DC-0507D30FC19D}.Release|Any CPU.ActiveCfg = Release|Any CPU
		{84AC0498-293D-4735-B6DC-0507D30FC19D}.Release|Any CPU.Build.0 = Release|Any CPU
		{6DC527EF-3EF2-49AE-A341-E034272A0D29}.Debug|Any CPU.ActiveCfg = Debug|Any CPU
		{6DC527EF-3EF2-49AE-A341-E034272A0D29}.Debug|Any CPU.Build.0 = Debug|Any CPU
		{6DC527EF-3EF2-49AE-A341-E034272A0D29}.Release|Any CPU.ActiveCfg = Release|Any CPU
		{6DC527EF-3EF2-49AE-A341-E034272A0D29}.Release|Any CPU.Build.0 = Release|Any CPU
	EndGlobalSection
	GlobalSection(SolutionProperties) = preSolution
		HideSolutionNode = FALSE
	EndGlobalSection
	GlobalSection(ExtensibilityGlobals) = postSolution
		SolutionGuid = {C6E8B17A-17AB-4B59-A092-991833458320}
	EndGlobalSection
EndGlobal
